// !$*UTF8*$!
{
	archiveVersion = 1;
	classes = {
	};
	objectVersion = 46;
	objects = {

/* Begin PBXBuildFile section */
		4E2558EC1CFE52DB00E69CA1 /* AppDelegate.swift in Sources */ = {isa = PBXBuildFile; fileRef = 4E2558EB1CFE52DB00E69CA1 /* AppDelegate.swift */; };
		4E2558EE1CFE52DB00E69CA1 /* ViewController.swift in Sources */ = {isa = PBXBuildFile; fileRef = 4E2558ED1CFE52DB00E69CA1 /* ViewController.swift */; };
		4E2558F11CFE52DB00E69CA1 /* Main.storyboard in Resources */ = {isa = PBXBuildFile; fileRef = 4E2558EF1CFE52DB00E69CA1 /* Main.storyboard */; };
		4E2558F31CFE52DB00E69CA1 /* Assets.xcassets in Resources */ = {isa = PBXBuildFile; fileRef = 4E2558F21CFE52DB00E69CA1 /* Assets.xcassets */; };
		4E2558F61CFE52DB00E69CA1 /* LaunchScreen.storyboard in Resources */ = {isa = PBXBuildFile; fileRef = 4E2558F41CFE52DB00E69CA1 /* LaunchScreen.storyboard */; };
		4E2558FE1CFE560F00E69CA1 /* pokemon.csv in Resources */ = {isa = PBXBuildFile; fileRef = 4E2558FD1CFE560F00E69CA1 /* pokemon.csv */; };
		4E2559011CFE572100E69CA1 /* Pokemon.swift in Sources */ = {isa = PBXBuildFile; fileRef = 4E2559001CFE572100E69CA1 /* Pokemon.swift */; };
		4E2559051CFE637800E69CA1 /* PokeCell.swift in Sources */ = {isa = PBXBuildFile; fileRef = 4E2559041CFE637800E69CA1 /* PokeCell.swift */; };
		4E2559071CFF77FD00E69CA1 /* csv.swift in Sources */ = {isa = PBXBuildFile; fileRef = 4E2559061CFF77FD00E69CA1 /* csv.swift */; };
		4E25590B1CFF7DD500E69CA1 /* pokemon.ttf in Resources */ = {isa = PBXBuildFile; fileRef = 4E25590A1CFF7DD500E69CA1 /* pokemon.ttf */; };
/* End PBXBuildFile section */

/* Begin PBXFileReference section */
		4E2558E81CFE52DB00E69CA1 /* pokedex-app.app */ = {isa = PBXFileReference; explicitFileType = wrapper.application; includeInIndex = 0; path = "pokedex-app.app"; sourceTree = BUILT_PRODUCTS_DIR; };
		4E2558EB1CFE52DB00E69CA1 /* AppDelegate.swift */ = {isa = PBXFileReference; lastKnownFileType = sourcecode.swift; path = AppDelegate.swift; sourceTree = "<group>"; };
		4E2558ED1CFE52DB00E69CA1 /* ViewController.swift */ = {isa = PBXFileReference; lastKnownFileType = sourcecode.swift; path = ViewController.swift; sourceTree = "<group>"; };
		4E2558F01CFE52DB00E69CA1 /* Base */ = {isa = PBXFileReference; lastKnownFileType = file.storyboard; name = Base; path = Base.lproj/Main.storyboard; sourceTree = "<group>"; };
		4E2558F21CFE52DB00E69CA1 /* Assets.xcassets */ = {isa = PBXFileReference; lastKnownFileType = folder.assetcatalog; path = Assets.xcassets; sourceTree = "<group>"; };
		4E2558F51CFE52DB00E69CA1 /* Base */ = {isa = PBXFileReference; lastKnownFileType = file.storyboard; name = Base; path = Base.lproj/LaunchScreen.storyboard; sourceTree = "<group>"; };
		4E2558F71CFE52DB00E69CA1 /* Info.plist */ = {isa = PBXFileReference; lastKnownFileType = text.plist.xml; path = Info.plist; sourceTree = "<group>"; };
		4E2558FD1CFE560F00E69CA1 /* pokemon.csv */ = {isa = PBXFileReference; fileEncoding = 4; lastKnownFileType = text; path = pokemon.csv; sourceTree = "<group>"; };
		4E2559001CFE572100E69CA1 /* Pokemon.swift */ = {isa = PBXFileReference; fileEncoding = 4; lastKnownFileType = sourcecode.swift; path = Pokemon.swift; sourceTree = "<group>"; };
		4E2559041CFE637800E69CA1 /* PokeCell.swift */ = {isa = PBXFileReference; fileEncoding = 4; lastKnownFileType = sourcecode.swift; path = PokeCell.swift; sourceTree = "<group>"; };
		4E2559061CFF77FD00E69CA1 /* csv.swift */ = {isa = PBXFileReference; fileEncoding = 4; lastKnownFileType = sourcecode.swift; path = csv.swift; sourceTree = "<group>"; };
		4E25590A1CFF7DD500E69CA1 /* pokemon.ttf */ = {isa = PBXFileReference; lastKnownFileType = file; path = pokemon.ttf; sourceTree = "<group>"; };
/* End PBXFileReference section */

/* Begin PBXFrameworksBuildPhase section */
		4E2558E51CFE52DB00E69CA1 /* Frameworks */ = {
			isa = PBXFrameworksBuildPhase;
			buildActionMask = 2147483647;
			files = (
			);
			runOnlyForDeploymentPostprocessing = 0;
		};
/* End PBXFrameworksBuildPhase section */

/* Begin PBXGroup section */
		4E2558DF1CFE52DB00E69CA1 = {
			isa = PBXGroup;
			children = (
				4E2558EA1CFE52DB00E69CA1 /* pokedex-app */,
				4E2558E91CFE52DB00E69CA1 /* Products */,
			);
			sourceTree = "<group>";
		};
		4E2558E91CFE52DB00E69CA1 /* Products */ = {
			isa = PBXGroup;
			children = (
				4E2558E81CFE52DB00E69CA1 /* pokedex-app.app */,
			);
			name = Products;
			sourceTree = "<group>";
		};
		4E2558EA1CFE52DB00E69CA1 /* pokedex-app */ = {
			isa = PBXGroup;
			children = (
				4E2559081CFF782E00E69CA1 /* Util */,
				4E2558FF1CFE570D00E69CA1 /* Model */,
				4E2559031CFE581600E69CA1 /* View */,
				4E2559021CFE580000E69CA1 /* Controller */,
				4E2559091CFF785200E69CA1 /* Resources */,
				4E2558EB1CFE52DB00E69CA1 /* AppDelegate.swift */,
				4E2558F21CFE52DB00E69CA1 /* Assets.xcassets */,
				4E2558F41CFE52DB00E69CA1 /* LaunchScreen.storyboard */,
				4E2558F71CFE52DB00E69CA1 /* Info.plist */,
			);
			path = "pokedex-app";
			sourceTree = "<group>";
		};
		4E2558FF1CFE570D00E69CA1 /* Model */ = {
			isa = PBXGroup;
			children = (
				4E2559001CFE572100E69CA1 /* Pokemon.swift */,
			);
			name = Model;
			sourceTree = "<group>";
		};
		4E2559021CFE580000E69CA1 /* Controller */ = {
			isa = PBXGroup;
			children = (
				4E2558ED1CFE52DB00E69CA1 /* ViewController.swift */,
			);
			name = Controller;
			sourceTree = "<group>";
		};
		4E2559031CFE581600E69CA1 /* View */ = {
			isa = PBXGroup;
			children = (
				4E2558EF1CFE52DB00E69CA1 /* Main.storyboard */,
				4E2559041CFE637800E69CA1 /* PokeCell.swift */,
			);
			name = View;
			sourceTree = "<group>";
		};
		4E2559081CFF782E00E69CA1 /* Util */ = {
			isa = PBXGroup;
			children = (
				4E2559061CFF77FD00E69CA1 /* csv.swift */,
			);
			name = Util;
			sourceTree = "<group>";
		};
		4E2559091CFF785200E69CA1 /* Resources */ = {
			isa = PBXGroup;
			children = (
				4E2558FD1CFE560F00E69CA1 /* pokemon.csv */,
				4E25590A1CFF7DD500E69CA1 /* pokemon.ttf */,
			);
			name = Resources;
			sourceTree = "<group>";
		};
/* End PBXGroup section */

/* Begin PBXNativeTarget section */
		4E2558E71CFE52DB00E69CA1 /* pokedex-app */ = {
			isa = PBXNativeTarget;
			buildConfigurationList = 4E2558FA1CFE52DB00E69CA1 /* Build configuration list for PBXNativeTarget "pokedex-app" */;
			buildPhases = (
				4E2558E41CFE52DB00E69CA1 /* Sources */,
				4E2558E51CFE52DB00E69CA1 /* Frameworks */,
				4E2558E61CFE52DB00E69CA1 /* Resources */,
			);
			buildRules = (
			);
			dependencies = (
			);
			name = "pokedex-app";
			productName = "pokedex-app";
			productReference = 4E2558E81CFE52DB00E69CA1 /* pokedex-app.app */;
			productType = "com.apple.product-type.application";
		};
/* End PBXNativeTarget section */

/* Begin PBXProject section */
		4E2558E01CFE52DB00E69CA1 /* Project object */ = {
			isa = PBXProject;
			attributes = {
				LastSwiftUpdateCheck = 0730;
				LastUpgradeCheck = 0730;
				ORGANIZATIONNAME = "Daniel J Janiak";
				TargetAttributes = {
					4E2558E71CFE52DB00E69CA1 = {
						CreatedOnToolsVersion = 7.3.1;
						DevelopmentTeam = C66PLD3WQ6;
					};
				};
			};
			buildConfigurationList = 4E2558E31CFE52DB00E69CA1 /* Build configuration list for PBXProject "pokedex-app" */;
			compatibilityVersion = "Xcode 3.2";
			developmentRegion = English;
			hasScannedForEncodings = 0;
			knownRegions = (
				en,
				Base,
			);
			mainGroup = 4E2558DF1CFE52DB00E69CA1;
			productRefGroup = 4E2558E91CFE52DB00E69CA1 /* Products */;
			projectDirPath = "";
			projectRoot = "";
			targets = (
				4E2558E71CFE52DB00E69CA1 /* pokedex-app */,
			);
		};
/* End PBXProject section */

/* Begin PBXResourcesBuildPhase section */
		4E2558E61CFE52DB00E69CA1 /* Resources */ = {
			isa = PBXResourcesBuildPhase;
			buildActionMask = 2147483647;
			files = (
				4E25590B1CFF7DD500E69CA1 /* pokemon.ttf in Resources */,
				4E2558F61CFE52DB00E69CA1 /* LaunchScreen.storyboard in Resources */,
				4E2558F31CFE52DB00E69CA1 /* Assets.xcassets in Resources */,
				4E2558FE1CFE560F00E69CA1 /* pokemon.csv in Resources */,
				4E2558F11CFE52DB00E69CA1 /* Main.storyboard in Resources */,
			);
			runOnlyForDeploymentPostprocessing = 0;
		};
/* End PBXResourcesBuildPhase section */

/* Begin PBXSourcesBuildPhase section */
		4E2558E41CFE52DB00E69CA1 /* Sources */ = {
			isa = PBXSourcesBuildPhase;
			buildActionMask = 2147483647;
			files = (
				4E2559051CFE637800E69CA1 /* PokeCell.swift in Sources */,
				4E2558EE1CFE52DB00E69CA1 /* ViewController.swift in Sources */,
				4E2558EC1CFE52DB00E69CA1 /* AppDelegate.swift in Sources */,
				4E2559011CFE572100E69CA1 /* Pokemon.swift in Sources */,
				4E2559071CFF77FD00E69CA1 /* csv.swift in Sources */,
			);
			runOnlyForDeploymentPostprocessing = 0;
		};
/* End PBXSourcesBuildPhase section */

/* Begin PBXVariantGroup section */
		4E2558EF1CFE52DB00E69CA1 /* Main.storyboard */ = {
			isa = PBXVariantGroup;
			children = (
				4E2558F01CFE52DB00E69CA1 /* Base */,
			);
			name = Main.storyboard;
			sourceTree = "<group>";
		};
		4E2558F41CFE52DB00E69CA1 /* LaunchScreen.storyboard */ = {
			isa = PBXVariantGroup;
			children = (
				4E2558F51CFE52DB00E69CA1 /* Base */,
			);
			name = LaunchScreen.storyboard;
			sourceTree = "<group>";
		};
/* End PBXVariantGroup section */

/* Begin XCBuildConfiguration section */
		4E2558F81CFE52DB00E69CA1 /* Debug */ = {
			isa = XCBuildConfiguration;
			buildSettings = {
				ALWAYS_SEARCH_USER_PATHS = NO;
				CLANG_ANALYZER_NONNULL = YES;
				CLANG_CXX_LANGUAGE_STANDARD = "gnu++0x";
				CLANG_CXX_LIBRARY = "libc++";
				CLANG_ENABLE_MODULES = YES;
				CLANG_ENABLE_OBJC_ARC = YES;
				CLANG_WARN_BOOL_CONVERSION = YES;
				CLANG_WARN_CONSTANT_CONVERSION = YES;
				CLANG_WARN_DIRECT_OBJC_ISA_USAGE = YES_ERROR;
				CLANG_WARN_EMPTY_BODY = YES;
				CLANG_WARN_ENUM_CONVERSION = YES;
				CLANG_WARN_INT_CONVERSION = YES;
				CLANG_WARN_OBJC_ROOT_CLASS = YES_ERROR;
				CLANG_WARN_UNREACHABLE_CODE = YES;
				CLANG_WARN__DUPLICATE_METHOD_MATCH = YES;
				"CODE_SIGN_IDENTITY[sdk=iphoneos*]" = "iPhone Developer";
				COPY_PHASE_STRIP = NO;
				DEBUG_INFORMATION_FORMAT = dwarf;
				ENABLE_STRICT_OBJC_MSGSEND = YES;
				ENABLE_TESTABILITY = YES;
				GCC_C_LANGUAGE_STANDARD = gnu99;
				GCC_DYNAMIC_NO_PIC = NO;
				GCC_NO_COMMON_BLOCKS = YES;
				GCC_OPTIMIZATION_LEVEL = 0;
				GCC_PREPROCESSOR_DEFINITIONS = (
					"DEBUG=1",
					"$(inherited)",
				);
				GCC_WARN_64_TO_32_BIT_CONVERSION = YES;
				GCC_WARN_ABOUT_RETURN_TYPE = YES_ERROR;
				GCC_WARN_UNDECLARED_SELECTOR = YES;
				GCC_WARN_UNINITIALIZED_AUTOS = YES_AGGRESSIVE;
				GCC_WARN_UNUSED_FUNCTION = YES;
				GCC_WARN_UNUSED_VARIABLE = YES;
				IPHONEOS_DEPLOYMENT_TARGET = 9.3;
				MTL_ENABLE_DEBUG_INFO = YES;
				ONLY_ACTIVE_ARCH = YES;
				SDKROOT = iphoneos;
				SWIFT_OPTIMIZATION_LEVEL = "-Onone";
				TARGETED_DEVICE_FAMILY = "1,2";
			};
			name = Debug;
		};
		4E2558F91CFE52DB00E69CA1 /* Release */ = {
			isa = XCBuildConfiguration;
			buildSettings = {
				ALWAYS_SEARCH_USER_PATHS = NO;
				CLANG_ANALYZER_NONNULL = YES;
				CLANG_CXX_LANGUAGE_STANDARD = "gnu++0x";
				CLANG_CXX_LIBRARY = "libc++";
				CLANG_ENABLE_MODULES = YES;
				CLANG_ENABLE_OBJC_ARC = YES;
				CLANG_WARN_BOOL_CONVERSION = YES;
				CLANG_WARN_CONSTANT_CONVERSION = YES;
				CLANG_WARN_DIRECT_OBJC_ISA_USAGE = YES_ERROR;
				CLANG_WARN_EMPTY_BODY = YES;
				CLANG_WARN_ENUM_CONVERSION = YES;
				CLANG_WARN_INT_CONVERSION = YES;
				CLANG_WARN_OBJC_ROOT_CLASS = YES_ERROR;
				CLANG_WARN_UNREACHABLE_CODE = YES;
				CLANG_WARN__DUPLICATE_METHOD_MATCH = YES;
				"CODE_SIGN_IDENTITY[sdk=iphoneos*]" = "iPhone Developer";
				COPY_PHASE_STRIP = NO;
				DEBUG_INFORMATION_FORMAT = "dwarf-with-dsym";
				ENABLE_NS_ASSERTIONS = NO;
				ENABLE_STRICT_OBJC_MSGSEND = YES;
				GCC_C_LANGUAGE_STANDARD = gnu99;
				GCC_NO_COMMON_BLOCKS = YES;
				GCC_WARN_64_TO_32_BIT_CONVERSION = YES;
				GCC_WARN_ABOUT_RETURN_TYPE = YES_ERROR;
				GCC_WARN_UNDECLARED_SELECTOR = YES;
				GCC_WARN_UNINITIALIZED_AUTOS = YES_AGGRESSIVE;
				GCC_WARN_UNUSED_FUNCTION = YES;
				GCC_WARN_UNUSED_VARIABLE = YES;
				IPHONEOS_DEPLOYMENT_TARGET = 9.3;
				MTL_ENABLE_DEBUG_INFO = NO;
				SDKROOT = iphoneos;
				TARGETED_DEVICE_FAMILY = "1,2";
				VALIDATE_PRODUCT = YES;
			};
			name = Release;
		};
		4E2558FB1CFE52DB00E69CA1 /* Debug */ = {
			isa = XCBuildConfiguration;
			buildSettings = {
				ASSETCATALOG_COMPILER_APPICON_NAME = AppIcon;
				INFOPLIST_FILE = "pokedex-app/Info.plist";
				LD_RUNPATH_SEARCH_PATHS = "$(inherited) @executable_path/Frameworks";
				PRODUCT_BUNDLE_IDENTIFIER = "None0531.pokedex-app";
				PRODUCT_NAME = "$(TARGET_NAME)";
			};
			name = Debug;
		};
		4E2558FC1CFE52DB00E69CA1 /* Release */ = {
			isa = XCBuildConfiguration;
			buildSettings = {
				ASSETCATALOG_COMPILER_APPICON_NAME = AppIcon;
				INFOPLIST_FILE = "pokedex-app/Info.plist";
				LD_RUNPATH_SEARCH_PATHS = "$(inherited) @executable_path/Frameworks";
				PRODUCT_BUNDLE_IDENTIFIER = "None0531.pokedex-app";
				PRODUCT_NAME = "$(TARGET_NAME)";
			};
			name = Release;
		};
/* End XCBuildConfiguration section */

/* Begin XCConfigurationList section */
		4E2558E31CFE52DB00E69CA1 /* Build configuration list for PBXProject "pokedex-app" */ = {
			isa = XCConfigurationList;
			buildConfigurations = (
				4E2558F81CFE52DB00E69CA1 /* Debug */,
				4E2558F91CFE52DB00E69CA1 /* Release */,
			);
			defaultConfigurationIsVisible = 0;
			defaultConfigurationName = Release;
		};
		4E2558FA1CFE52DB00E69CA1 /* Build configuration list for PBXNativeTarget "pokedex-app" */ = {
			isa = XCConfigurationList;
			buildConfigurations = (
				4E2558FB1CFE52DB00E69CA1 /* Debug */,
				4E2558FC1CFE52DB00E69CA1 /* Release */,
			);
			defaultConfigurationIsVisible = 0;
		};
/* End XCConfigurationList section */
	};
	rootObject = 4E2558E01CFE52DB00E69CA1 /* Project object */;
}
